
Microsoft Visual Studio Solution File, Format Version 12.00
# Visual Studio 15
VisualStudioVersion = 15.0.28307.705
MinimumVisualStudioVersion = 10.0.40219.1
Project("{FAE04EC0-301F-11D3-BF4B-00C04F79EFBC}") = "WorldWeather.API.Client", "WorldWeather.API.Client\WorldWeather.API.Client.csproj", "{FE107FB8-F520-44A8-89C9-EC659E5C9782}"
EndProject
Global
	GlobalSection(SolutionConfigurationPlatforms) = preSolution
		Debug|Any CPU = Debug|Any CPU
		Release|Any CPU = Release|Any CPU
	EndGlobalSection
	GlobalSection(ProjectConfigurationPlatforms) = postSolution
		{FE107FB8-F520-44A8-89C9-EC659E5C9782}.Debug|Any CPU.ActiveCfg = Debug|Any CPU
		{FE107FB8-F520-44A8-89C9-EC659E5C9782}.Debug|Any CPU.Build.0 = Debug|Any CPU
		{FE107FB8-F520-44A8-89C9-EC659E5C9782}.Release|Any CPU.ActiveCfg = Release|Any CPU
		{FE107FB8-F520-44A8-89C9-EC659E5C9782}.Release|Any CPU.Build.0 = Release|Any CPU
	EndGlobalSection
	GlobalSection(SolutionProperties) = preSolution
		HideSolutionNode = FALSE
	EndGlobalSection
	GlobalSection(ExtensibilityGlobals) = postSolution
		SolutionGuid = {698CAA71-B6DB-486F-9C6A-A7AD7FB3879C}
	EndGlobalSection
EndGlobal
